// !$*UTF8*$!
{
	archiveVersion = 1;
	classes = {
	};
	objectVersion = 48;
	objects = {

/* Begin PBXBuildFile section */
		5E8D37111F86D6230006C4A7 /* RootViewController.swift in Sources */ = {isa = PBXBuildFile; fileRef = 5E8D37101F86D6230006C4A7 /* RootViewController.swift */; };
		5E9CA1032000337200619659 /* Default-568h@2x.png in Resources */ = {isa = PBXBuildFile; fileRef = 5E9CA1022000337100619659 /* Default-568h@2x.png */; };
		5EC9B8C51F7DB7E500441AA7 /* AppDelegate.swift in Sources */ = {isa = PBXBuildFile; fileRef = 5EC9B8C41F7DB7E500441AA7 /* AppDelegate.swift */; };
		5EC9B8C71F7DB7E500441AA7 /* ResidentViewController.swift in Sources */ = {isa = PBXBuildFile; fileRef = 5EC9B8C61F7DB7E500441AA7 /* ResidentViewController.swift */; };
		5EC9B8CA1F7DB7E500441AA7 /* Main.storyboard in Resources */ = {isa = PBXBuildFile; fileRef = 5EC9B8C81F7DB7E500441AA7 /* Main.storyboard */; };
		5EC9B8CC1F7DB7E500441AA7 /* Assets.xcassets in Resources */ = {isa = PBXBuildFile; fileRef = 5EC9B8CB1F7DB7E500441AA7 /* Assets.xcassets */; };
		5EC9B8CF1F7DB7E500441AA7 /* LaunchScreen.storyboard in Resources */ = {isa = PBXBuildFile; fileRef = 5EC9B8CD1F7DB7E500441AA7 /* LaunchScreen.storyboard */; };
		5EC9B8D71F7DBAD000441AA7 /* Patient.swift in Sources */ = {isa = PBXBuildFile; fileRef = 5EC9B8D61F7DBAD000441AA7 /* Patient.swift */; };
		5EC9B8D91F7DBADE00441AA7 /* MRNTableViewCell.swift in Sources */ = {isa = PBXBuildFile; fileRef = 5EC9B8D81F7DBADE00441AA7 /* MRNTableViewCell.swift */; };
		5EE9DA541FA2579300E6D73E /* libc++.tbd in Frameworks */ = {isa = PBXBuildFile; fileRef = 5EE9DA531FA2579300E6D73E /* libc++.tbd */; };
		5EE9DA561FA2579F00E6D73E /* libiconv.tbd in Frameworks */ = {isa = PBXBuildFile; fileRef = 5EE9DA551FA2579F00E6D73E /* libiconv.tbd */; };
		5EE9DA581FA257A600E6D73E /* libz.tbd in Frameworks */ = {isa = PBXBuildFile; fileRef = 5EE9DA571FA257A600E6D73E /* libz.tbd */; };
		5EE9DA5B1FA257D300E6D73E /* MicroBlink.framework in Frameworks */ = {isa = PBXBuildFile; fileRef = 5EE9DA591FA257D200E6D73E /* MicroBlink.framework */; };
		5EE9DA5C1FA257D300E6D73E /* MicroBlink.bundle in Resources */ = {isa = PBXBuildFile; fileRef = 5EE9DA5A1FA257D300E6D73E /* MicroBlink.bundle */; };
		5EE9DA5E1FA2589100E6D73E /* AVFoundation.framework in Frameworks */ = {isa = PBXBuildFile; fileRef = 5EE9DA511FA2578100E6D73E /* AVFoundation.framework */; };
		5EE9DA5F1FA2589700E6D73E /* AudioToolbox.framework in Frameworks */ = {isa = PBXBuildFile; fileRef = 5EE9DA501FA2577A00E6D73E /* AudioToolbox.framework */; };
		5EE9DA601FA258A800E6D73E /* CoreMedia.framework in Frameworks */ = {isa = PBXBuildFile; fileRef = 5EE9DA521FA2578900E6D73E /* CoreMedia.framework */; };
		5EE9DA611FA258EC00E6D73E /* Accelerate.framework in Frameworks */ = {isa = PBXBuildFile; fileRef = 5EE9DA4F1FA2576800E6D73E /* Accelerate.framework */; };
		E8F76AB446269E26576EFDDA /* Pods_ResidentsLog.framework in Frameworks */ = {isa = PBXBuildFile; fileRef = 95660D848C9E876767FCAEDE /* Pods_ResidentsLog.framework */; };
/* End PBXBuildFile section */

/* Begin PBXFileReference section */
		3D5E540C6263EC0FDB3CF138 /* Pods-ResidentsLog.release.xcconfig */ = {isa = PBXFileReference; includeInIndex = 1; lastKnownFileType = text.xcconfig; name = "Pods-ResidentsLog.release.xcconfig"; path = "Pods/Target Support Files/Pods-ResidentsLog/Pods-ResidentsLog.release.xcconfig"; sourceTree = "<group>"; };
		5E8D37101F86D6230006C4A7 /* RootViewController.swift */ = {isa = PBXFileReference; lastKnownFileType = sourcecode.swift; path = RootViewController.swift; sourceTree = "<group>"; };
		5E9CA1022000337100619659 /* Default-568h@2x.png */ = {isa = PBXFileReference; lastKnownFileType = image.png; path = "Default-568h@2x.png"; sourceTree = "<group>"; };
		5EC9B8C11F7DB7E500441AA7 /* ResidentsLog.app */ = {isa = PBXFileReference; explicitFileType = wrapper.application; includeInIndex = 0; path = ResidentsLog.app; sourceTree = BUILT_PRODUCTS_DIR; };
		5EC9B8C41F7DB7E500441AA7 /* AppDelegate.swift */ = {isa = PBXFileReference; lastKnownFileType = sourcecode.swift; path = AppDelegate.swift; sourceTree = "<group>"; };
		5EC9B8C61F7DB7E500441AA7 /* ResidentViewController.swift */ = {isa = PBXFileReference; lastKnownFileType = sourcecode.swift; path = ResidentViewController.swift; sourceTree = "<group>"; };
		5EC9B8C91F7DB7E500441AA7 /* Base */ = {isa = PBXFileReference; lastKnownFileType = file.storyboard; name = Base; path = Base.lproj/Main.storyboard; sourceTree = "<group>"; };
		5EC9B8CB1F7DB7E500441AA7 /* Assets.xcassets */ = {isa = PBXFileReference; lastKnownFileType = folder.assetcatalog; path = Assets.xcassets; sourceTree = "<group>"; };
		5EC9B8CE1F7DB7E500441AA7 /* Base */ = {isa = PBXFileReference; lastKnownFileType = file.storyboard; name = Base; path = Base.lproj/LaunchScreen.storyboard; sourceTree = "<group>"; };
		5EC9B8D01F7DB7E500441AA7 /* Info.plist */ = {isa = PBXFileReference; lastKnownFileType = text.plist.xml; path = Info.plist; sourceTree = "<group>"; };
		5EC9B8D61F7DBAD000441AA7 /* Patient.swift */ = {isa = PBXFileReference; lastKnownFileType = sourcecode.swift; path = Patient.swift; sourceTree = "<group>"; };
		5EC9B8D81F7DBADE00441AA7 /* MRNTableViewCell.swift */ = {isa = PBXFileReference; lastKnownFileType = sourcecode.swift; path = MRNTableViewCell.swift; sourceTree = "<group>"; };
		5EE9DA4F1FA2576800E6D73E /* Accelerate.framework */ = {isa = PBXFileReference; lastKnownFileType = wrapper.framework; name = Accelerate.framework; path = System/Library/Frameworks/Accelerate.framework; sourceTree = SDKROOT; };
		5EE9DA501FA2577A00E6D73E /* AudioToolbox.framework */ = {isa = PBXFileReference; lastKnownFileType = wrapper.framework; name = AudioToolbox.framework; path = System/Library/Frameworks/AudioToolbox.framework; sourceTree = SDKROOT; };
		5EE9DA511FA2578100E6D73E /* AVFoundation.framework */ = {isa = PBXFileReference; lastKnownFileType = wrapper.framework; name = AVFoundation.framework; path = System/Library/Frameworks/AVFoundation.framework; sourceTree = SDKROOT; };
		5EE9DA521FA2578900E6D73E /* CoreMedia.framework */ = {isa = PBXFileReference; lastKnownFileType = wrapper.framework; name = CoreMedia.framework; path = System/Library/Frameworks/CoreMedia.framework; sourceTree = SDKROOT; };
		5EE9DA531FA2579300E6D73E /* libc++.tbd */ = {isa = PBXFileReference; lastKnownFileType = "sourcecode.text-based-dylib-definition"; name = "libc++.tbd"; path = "usr/lib/libc++.tbd"; sourceTree = SDKROOT; };
		5EE9DA551FA2579F00E6D73E /* libiconv.tbd */ = {isa = PBXFileReference; lastKnownFileType = "sourcecode.text-based-dylib-definition"; name = libiconv.tbd; path = usr/lib/libiconv.tbd; sourceTree = SDKROOT; };
		5EE9DA571FA257A600E6D73E /* libz.tbd */ = {isa = PBXFileReference; lastKnownFileType = "sourcecode.text-based-dylib-definition"; name = libz.tbd; path = usr/lib/libz.tbd; sourceTree = SDKROOT; };
		5EE9DA591FA257D200E6D73E /* MicroBlink.framework */ = {isa = PBXFileReference; lastKnownFileType = wrapper.framework; path = MicroBlink.framework; sourceTree = "<group>"; };
		5EE9DA5A1FA257D300E6D73E /* MicroBlink.bundle */ = {isa = PBXFileReference; lastKnownFileType = "wrapper.plug-in"; path = MicroBlink.bundle; sourceTree = "<group>"; };
		5EE9DA5D1FA2583E00E6D73E /* ResidentsLog-Bridging-Header.h */ = {isa = PBXFileReference; fileEncoding = 4; lastKnownFileType = sourcecode.c.h; path = "ResidentsLog-Bridging-Header.h"; sourceTree = "<group>"; };
		95660D848C9E876767FCAEDE /* Pods_ResidentsLog.framework */ = {isa = PBXFileReference; explicitFileType = wrapper.framework; includeInIndex = 0; path = Pods_ResidentsLog.framework; sourceTree = BUILT_PRODUCTS_DIR; };
		9EF049112A4B7943CD0D5750 /* Pods-ResidentsLog.debug.xcconfig */ = {isa = PBXFileReference; includeInIndex = 1; lastKnownFileType = text.xcconfig; name = "Pods-ResidentsLog.debug.xcconfig"; path = "Pods/Target Support Files/Pods-ResidentsLog/Pods-ResidentsLog.debug.xcconfig"; sourceTree = "<group>"; };
/* End PBXFileReference section */

/* Begin PBXFrameworksBuildPhase section */
		5EC9B8BE1F7DB7E500441AA7 /* Frameworks */ = {
			isa = PBXFrameworksBuildPhase;
			buildActionMask = 2147483647;
			files = (
				5EE9DA611FA258EC00E6D73E /* Accelerate.framework in Frameworks */,
				5EE9DA601FA258A800E6D73E /* CoreMedia.framework in Frameworks */,
				5EE9DA5E1FA2589100E6D73E /* AVFoundation.framework in Frameworks */,
				5EE9DA5F1FA2589700E6D73E /* AudioToolbox.framework in Frameworks */,
				5EE9DA561FA2579F00E6D73E /* libiconv.tbd in Frameworks */,
				5EE9DA5B1FA257D300E6D73E /* MicroBlink.framework in Frameworks */,
				5EE9DA581FA257A600E6D73E /* libz.tbd in Frameworks */,
				5EE9DA541FA2579300E6D73E /* libc++.tbd in Frameworks */,
				E8F76AB446269E26576EFDDA /* Pods_ResidentsLog.framework in Frameworks */,
			);
			runOnlyForDeploymentPostprocessing = 0;
		};
/* End PBXFrameworksBuildPhase section */

/* Begin PBXGroup section */
		1340B22605C5C2F093C93F67 /* Pods */ = {
			isa = PBXGroup;
			children = (
				9EF049112A4B7943CD0D5750 /* Pods-ResidentsLog.debug.xcconfig */,
				3D5E540C6263EC0FDB3CF138 /* Pods-ResidentsLog.release.xcconfig */,
			);
			name = Pods;
			sourceTree = "<group>";
		};
		2228AD16F4B911943D5B0BB2 /* Frameworks */ = {
			isa = PBXGroup;
			children = (
				5EE9DA5A1FA257D300E6D73E /* MicroBlink.bundle */,
				5EE9DA591FA257D200E6D73E /* MicroBlink.framework */,
				5EE9DA571FA257A600E6D73E /* libz.tbd */,
				5EE9DA551FA2579F00E6D73E /* libiconv.tbd */,
				5EE9DA531FA2579300E6D73E /* libc++.tbd */,
				5EE9DA521FA2578900E6D73E /* CoreMedia.framework */,
				5EE9DA511FA2578100E6D73E /* AVFoundation.framework */,
				5EE9DA501FA2577A00E6D73E /* AudioToolbox.framework */,
				5EE9DA4F1FA2576800E6D73E /* Accelerate.framework */,
				95660D848C9E876767FCAEDE /* Pods_ResidentsLog.framework */,
			);
			name = Frameworks;
			sourceTree = "<group>";
		};
		5E9CA0FE2000333300619659 /* Supporting Files */ = {
			isa = PBXGroup;
			children = (
				5E9CA1022000337100619659 /* Default-568h@2x.png */,
				5EE9DA5D1FA2583E00E6D73E /* ResidentsLog-Bridging-Header.h */,
				5EC9B8C81F7DB7E500441AA7 /* Main.storyboard */,
				5EC9B8CB1F7DB7E500441AA7 /* Assets.xcassets */,
				5EC9B8CD1F7DB7E500441AA7 /* LaunchScreen.storyboard */,
				5EC9B8D01F7DB7E500441AA7 /* Info.plist */,
			);
			path = "Supporting Files";
			sourceTree = "<group>";
		};
		5E9CA0FF2000334000619659 /* Modal */ = {
			isa = PBXGroup;
			children = (
				5EC9B8D61F7DBAD000441AA7 /* Patient.swift */,
			);
			path = Modal;
			sourceTree = "<group>";
		};
		5E9CA1002000334900619659 /* Views */ = {
			isa = PBXGroup;
			children = (
				5EC9B8D81F7DBADE00441AA7 /* MRNTableViewCell.swift */,
			);
			path = Views;
			sourceTree = "<group>";
		};
		5E9CA1012000335000619659 /* Controllers */ = {
			isa = PBXGroup;
			children = (
				5EC9B8C61F7DB7E500441AA7 /* ResidentViewController.swift */,
				5E8D37101F86D6230006C4A7 /* RootViewController.swift */,
			);
			path = Controllers;
			sourceTree = "<group>";
		};
		5EC9B8B81F7DB7E500441AA7 = {
			isa = PBXGroup;
			children = (
				5EC9B8C31F7DB7E500441AA7 /* ResidentsLog */,
				5EC9B8C21F7DB7E500441AA7 /* Products */,
				1340B22605C5C2F093C93F67 /* Pods */,
				2228AD16F4B911943D5B0BB2 /* Frameworks */,
			);
			sourceTree = "<group>";
		};
		5EC9B8C21F7DB7E500441AA7 /* Products */ = {
			isa = PBXGroup;
			children = (
				5EC9B8C11F7DB7E500441AA7 /* ResidentsLog.app */,
			);
			name = Products;
			sourceTree = "<group>";
		};
		5EC9B8C31F7DB7E500441AA7 /* ResidentsLog */ = {
			isa = PBXGroup;
			children = (
				5EC9B8C41F7DB7E500441AA7 /* AppDelegate.swift */,
				5E9CA1012000335000619659 /* Controllers */,
				5E9CA1002000334900619659 /* Views */,
				5E9CA0FF2000334000619659 /* Modal */,
				5E9CA0FE2000333300619659 /* Supporting Files */,
			);
			path = ResidentsLog;
			sourceTree = "<group>";
		};
/* End PBXGroup section */

/* Begin PBXNativeTarget section */
		5EC9B8C01F7DB7E500441AA7 /* ResidentsLog */ = {
			isa = PBXNativeTarget;
			buildConfigurationList = 5EC9B8D31F7DB7E500441AA7 /* Build configuration list for PBXNativeTarget "ResidentsLog" */;
			buildPhases = (
				243BC03F4AC4E0B060473A7E /* [CP] Check Pods Manifest.lock */,
				5EC9B8BD1F7DB7E500441AA7 /* Sources */,
				5EC9B8BE1F7DB7E500441AA7 /* Frameworks */,
				5EC9B8BF1F7DB7E500441AA7 /* Resources */,
				67909995CB54F616E0B3EB85 /* [CP] Embed Pods Frameworks */,
				C6634EBA459425BBA8FF4D83 /* [CP] Copy Pods Resources */,
			);
			buildRules = (
			);
			dependencies = (
			);
			name = ResidentsLog;
			productName = ResidentsLog;
			productReference = 5EC9B8C11F7DB7E500441AA7 /* ResidentsLog.app */;
			productType = "com.apple.product-type.application";
		};
/* End PBXNativeTarget section */

/* Begin PBXProject section */
		5EC9B8B91F7DB7E500441AA7 /* Project object */ = {
			isa = PBXProject;
			attributes = {
				LastSwiftUpdateCheck = 0900;
				LastUpgradeCheck = 0900;
				ORGANIZATIONNAME = "Touchopia, LLC";
				TargetAttributes = {
					5EC9B8C01F7DB7E500441AA7 = {
						CreatedOnToolsVersion = 9.0;
						ProvisioningStyle = Automatic;
					};
				};
			};
			buildConfigurationList = 5EC9B8BC1F7DB7E500441AA7 /* Build configuration list for PBXProject "ResidentsLog" */;
			compatibilityVersion = "Xcode 8.0";
			developmentRegion = en;
			hasScannedForEncodings = 0;
			knownRegions = (
				en,
				Base,
			);
			mainGroup = 5EC9B8B81F7DB7E500441AA7;
			productRefGroup = 5EC9B8C21F7DB7E500441AA7 /* Products */;
			projectDirPath = "";
			projectRoot = "";
			targets = (
				5EC9B8C01F7DB7E500441AA7 /* ResidentsLog */,
			);
		};
/* End PBXProject section */

/* Begin PBXResourcesBuildPhase section */
		5EC9B8BF1F7DB7E500441AA7 /* Resources */ = {
			isa = PBXResourcesBuildPhase;
			buildActionMask = 2147483647;
			files = (
				5EC9B8CF1F7DB7E500441AA7 /* LaunchScreen.storyboard in Resources */,
				5EC9B8CC1F7DB7E500441AA7 /* Assets.xcassets in Resources */,
				5EC9B8CA1F7DB7E500441AA7 /* Main.storyboard in Resources */,
				5E9CA1032000337200619659 /* Default-568h@2x.png in Resources */,
				5EE9DA5C1FA257D300E6D73E /* MicroBlink.bundle in Resources */,
			);
			runOnlyForDeploymentPostprocessing = 0;
		};
/* End PBXResourcesBuildPhase section */

/* Begin PBXShellScriptBuildPhase section */
		243BC03F4AC4E0B060473A7E /* [CP] Check Pods Manifest.lock */ = {
			isa = PBXShellScriptBuildPhase;
			buildActionMask = 2147483647;
			files = (
			);
			inputPaths = (
				"${PODS_PODFILE_DIR_PATH}/Podfile.lock",
				"${PODS_ROOT}/Manifest.lock",
			);
			name = "[CP] Check Pods Manifest.lock";
			outputPaths = (
				"$(DERIVED_FILE_DIR)/Pods-ResidentsLog-checkManifestLockResult.txt",
			);
			runOnlyForDeploymentPostprocessing = 0;
			shellPath = /bin/sh;
			shellScript = "diff \"${PODS_PODFILE_DIR_PATH}/Podfile.lock\" \"${PODS_ROOT}/Manifest.lock\" > /dev/null\nif [ $? != 0 ] ; then\n    # print error to STDERR\n    echo \"error: The sandbox is not in sync with the Podfile.lock. Run 'pod install' or update your CocoaPods installation.\" >&2\n    exit 1\nfi\n# This output is used by Xcode 'outputs' to avoid re-running this script phase.\necho \"SUCCESS\" > \"${SCRIPT_OUTPUT_FILE_0}\"\n";
			showEnvVarsInLog = 0;
		};
		67909995CB54F616E0B3EB85 /* [CP] Embed Pods Frameworks */ = {
			isa = PBXShellScriptBuildPhase;
			buildActionMask = 2147483647;
			files = (
			);
			inputPaths = (
				"${SRCROOT}/Pods/Target Support Files/Pods-ResidentsLog/Pods-ResidentsLog-frameworks.sh",
				"${BUILT_PRODUCTS_DIR}/Realm/Realm.framework",
				"${BUILT_PRODUCTS_DIR}/RealmSwift/RealmSwift.framework",
			);
			name = "[CP] Embed Pods Frameworks";
			outputPaths = (
				"${TARGET_BUILD_DIR}/${FRAMEWORKS_FOLDER_PATH}/Realm.framework",
				"${TARGET_BUILD_DIR}/${FRAMEWORKS_FOLDER_PATH}/RealmSwift.framework",
			);
			runOnlyForDeploymentPostprocessing = 0;
			shellPath = /bin/sh;
			shellScript = "\"${SRCROOT}/Pods/Target Support Files/Pods-ResidentsLog/Pods-ResidentsLog-frameworks.sh\"\n";
			showEnvVarsInLog = 0;
		};
		C6634EBA459425BBA8FF4D83 /* [CP] Copy Pods Resources */ = {
			isa = PBXShellScriptBuildPhase;
			buildActionMask = 2147483647;
			files = (
			);
			inputPaths = (
			);
			name = "[CP] Copy Pods Resources";
			outputPaths = (
			);
			runOnlyForDeploymentPostprocessing = 0;
			shellPath = /bin/sh;
			shellScript = "\"${SRCROOT}/Pods/Target Support Files/Pods-ResidentsLog/Pods-ResidentsLog-resources.sh\"\n";
			showEnvVarsInLog = 0;
		};
/* End PBXShellScriptBuildPhase section */

/* Begin PBXSourcesBuildPhase section */
		5EC9B8BD1F7DB7E500441AA7 /* Sources */ = {
			isa = PBXSourcesBuildPhase;
			buildActionMask = 2147483647;
			files = (
				5E8D37111F86D6230006C4A7 /* RootViewController.swift in Sources */,
				5EC9B8C71F7DB7E500441AA7 /* ResidentViewController.swift in Sources */,
				5EC9B8D91F7DBADE00441AA7 /* MRNTableViewCell.swift in Sources */,
				5EC9B8C51F7DB7E500441AA7 /* AppDelegate.swift in Sources */,
				5EC9B8D71F7DBAD000441AA7 /* Patient.swift in Sources */,
			);
			runOnlyForDeploymentPostprocessing = 0;
		};
/* End PBXSourcesBuildPhase section */

/* Begin PBXVariantGroup section */
		5EC9B8C81F7DB7E500441AA7 /* Main.storyboard */ = {
			isa = PBXVariantGroup;
			children = (
				5EC9B8C91F7DB7E500441AA7 /* Base */,
			);
			name = Main.storyboard;
			sourceTree = "<group>";
		};
		5EC9B8CD1F7DB7E500441AA7 /* LaunchScreen.storyboard */ = {
			isa = PBXVariantGroup;
			children = (
				5EC9B8CE1F7DB7E500441AA7 /* Base */,
			);
			name = LaunchScreen.storyboard;
			sourceTree = "<group>";
		};
/* End PBXVariantGroup section */

/* Begin XCBuildConfiguration section */
		5EC9B8D11F7DB7E500441AA7 /* Debug */ = {
			isa = XCBuildConfiguration;
			buildSettings = {
				ALWAYS_SEARCH_USER_PATHS = NO;
				CLANG_ANALYZER_NONNULL = YES;
				CLANG_ANALYZER_NUMBER_OBJECT_CONVERSION = YES_AGGRESSIVE;
				CLANG_CXX_LANGUAGE_STANDARD = "gnu++14";
				CLANG_CXX_LIBRARY = "libc++";
				CLANG_ENABLE_MODULES = YES;
				CLANG_ENABLE_OBJC_ARC = YES;
				CLANG_WARN_BLOCK_CAPTURE_AUTORELEASING = YES;
				CLANG_WARN_BOOL_CONVERSION = YES;
				CLANG_WARN_COMMA = YES;
				CLANG_WARN_CONSTANT_CONVERSION = YES;
				CLANG_WARN_DIRECT_OBJC_ISA_USAGE = YES_ERROR;
				CLANG_WARN_DOCUMENTATION_COMMENTS = YES;
				CLANG_WARN_EMPTY_BODY = YES;
				CLANG_WARN_ENUM_CONVERSION = YES;
				CLANG_WARN_INFINITE_RECURSION = YES;
				CLANG_WARN_INT_CONVERSION = YES;
				CLANG_WARN_NON_LITERAL_NULL_CONVERSION = YES;
				CLANG_WARN_OBJC_LITERAL_CONVERSION = YES;
				CLANG_WARN_OBJC_ROOT_CLASS = YES_ERROR;
				CLANG_WARN_RANGE_LOOP_ANALYSIS = YES;
				CLANG_WARN_STRICT_PROTOTYPES = YES;
				CLANG_WARN_SUSPICIOUS_MOVE = YES;
				CLANG_WARN_UNGUARDED_AVAILABILITY = YES_AGGRESSIVE;
				CLANG_WARN_UNREACHABLE_CODE = YES;
				CLANG_WARN__DUPLICATE_METHOD_MATCH = YES;
				CODE_SIGN_IDENTITY = "iPhone Developer";
				COPY_PHASE_STRIP = NO;
				DEBUG_INFORMATION_FORMAT = dwarf;
				ENABLE_STRICT_OBJC_MSGSEND = YES;
				ENABLE_TESTABILITY = YES;
				GCC_C_LANGUAGE_STANDARD = gnu11;
				GCC_DYNAMIC_NO_PIC = NO;
				GCC_NO_COMMON_BLOCKS = YES;
				GCC_OPTIMIZATION_LEVEL = 0;
				GCC_PREPROCESSOR_DEFINITIONS = (
					"DEBUG=1",
					"$(inherited)",
				);
				GCC_WARN_64_TO_32_BIT_CONVERSION = YES;
				GCC_WARN_ABOUT_RETURN_TYPE = YES_ERROR;
				GCC_WARN_UNDECLARED_SELECTOR = YES;
				GCC_WARN_UNINITIALIZED_AUTOS = YES_AGGRESSIVE;
				GCC_WARN_UNUSED_FUNCTION = YES;
				GCC_WARN_UNUSED_VARIABLE = YES;
				IPHONEOS_DEPLOYMENT_TARGET = 11.0;
				MTL_ENABLE_DEBUG_INFO = YES;
				ONLY_ACTIVE_ARCH = YES;
				SDKROOT = iphoneos;
				SWIFT_ACTIVE_COMPILATION_CONDITIONS = DEBUG;
				SWIFT_OPTIMIZATION_LEVEL = "-Onone";
			};
			name = Debug;
		};
		5EC9B8D21F7DB7E500441AA7 /* Release */ = {
			isa = XCBuildConfiguration;
			buildSettings = {
				ALWAYS_SEARCH_USER_PATHS = NO;
				CLANG_ANALYZER_NONNULL = YES;
				CLANG_ANALYZER_NUMBER_OBJECT_CONVERSION = YES_AGGRESSIVE;
				CLANG_CXX_LANGUAGE_STANDARD = "gnu++14";
				CLANG_CXX_LIBRARY = "libc++";
				CLANG_ENABLE_MODULES = YES;
				CLANG_ENABLE_OBJC_ARC = YES;
				CLANG_WARN_BLOCK_CAPTURE_AUTORELEASING = YES;
				CLANG_WARN_BOOL_CONVERSION = YES;
				CLANG_WARN_COMMA = YES;
				CLANG_WARN_CONSTANT_CONVERSION = YES;
				CLANG_WARN_DIRECT_OBJC_ISA_USAGE = YES_ERROR;
				CLANG_WARN_DOCUMENTATION_COMMENTS = YES;
				CLANG_WARN_EMPTY_BODY = YES;
				CLANG_WARN_ENUM_CONVERSION = YES;
				CLANG_WARN_INFINITE_RECURSION = YES;
				CLANG_WARN_INT_CONVERSION = YES;
				CLANG_WARN_NON_LITERAL_NULL_CONVERSION = YES;
				CLANG_WARN_OBJC_LITERAL_CONVERSION = YES;
				CLANG_WARN_OBJC_ROOT_CLASS = YES_ERROR;
				CLANG_WARN_RANGE_LOOP_ANALYSIS = YES;
				CLANG_WARN_STRICT_PROTOTYPES = YES;
				CLANG_WARN_SUSPICIOUS_MOVE = YES;
				CLANG_WARN_UNGUARDED_AVAILABILITY = YES_AGGRESSIVE;
				CLANG_WARN_UNREACHABLE_CODE = YES;
				CLANG_WARN__DUPLICATE_METHOD_MATCH = YES;
				CODE_SIGN_IDENTITY = "iPhone Developer";
				COPY_PHASE_STRIP = NO;
				DEBUG_INFORMATION_FORMAT = "dwarf-with-dsym";
				ENABLE_NS_ASSERTIONS = NO;
				ENABLE_STRICT_OBJC_MSGSEND = YES;
				GCC_C_LANGUAGE_STANDARD = gnu11;
				GCC_NO_COMMON_BLOCKS = YES;
				GCC_WARN_64_TO_32_BIT_CONVERSION = YES;
				GCC_WARN_ABOUT_RETURN_TYPE = YES_ERROR;
				GCC_WARN_UNDECLARED_SELECTOR = YES;
				GCC_WARN_UNINITIALIZED_AUTOS = YES_AGGRESSIVE;
				GCC_WARN_UNUSED_FUNCTION = YES;
				GCC_WARN_UNUSED_VARIABLE = YES;
				IPHONEOS_DEPLOYMENT_TARGET = 11.0;
				MTL_ENABLE_DEBUG_INFO = NO;
				SDKROOT = iphoneos;
				SWIFT_OPTIMIZATION_LEVEL = "-Owholemodule";
				VALIDATE_PRODUCT = YES;
			};
			name = Release;
		};
		5EC9B8D41F7DB7E500441AA7 /* Debug */ = {
			isa = XCBuildConfiguration;
			baseConfigurationReference = 9EF049112A4B7943CD0D5750 /* Pods-ResidentsLog.debug.xcconfig */;
			buildSettings = {
				ASSETCATALOG_COMPILER_APPICON_NAME = AppIcon;
				CODE_SIGN_STYLE = Automatic;
				DEVELOPMENT_TEAM = 86Z976V88Y;
				FRAMEWORK_SEARCH_PATHS = (
					"$(inherited)",
					"$(PROJECT_DIR)",
				);
				INFOPLIST_FILE = "$(SRCROOT)/ResidentsLog/Supporting Files/Info.plist";
				IPHONEOS_DEPLOYMENT_TARGET = 11.0;
				LD_RUNPATH_SEARCH_PATHS = "$(inherited) @executable_path/Frameworks";
				PRODUCT_BUNDLE_IDENTIFIER = com.touchopia.ResidentsLog;
				PRODUCT_NAME = "$(TARGET_NAME)";
				SWIFT_OBJC_BRIDGING_HEADER = "";
				SWIFT_VERSION = 4.0;
				TARGETED_DEVICE_FAMILY = 1;
			};
			name = Debug;
		};
		5EC9B8D51F7DB7E500441AA7 /* Release */ = {
			isa = XCBuildConfiguration;
			baseConfigurationReference = 3D5E540C6263EC0FDB3CF138 /* Pods-ResidentsLog.release.xcconfig */;
			buildSettings = {
				ASSETCATALOG_COMPILER_APPICON_NAME = AppIcon;
				CODE_SIGN_STYLE = Automatic;
				DEVELOPMENT_TEAM = 86Z976V88Y;
				FRAMEWORK_SEARCH_PATHS = (
					"$(inherited)",
					"$(PROJECT_DIR)",
				);
				INFOPLIST_FILE = "$(SRCROOT)/ResidentsLog/Supporting Files/Info.plist";
				IPHONEOS_DEPLOYMENT_TARGET = 11.0;
				LD_RUNPATH_SEARCH_PATHS = "$(inherited) @executable_path/Frameworks";
				PRODUCT_BUNDLE_IDENTIFIER = com.touchopia.ResidentsLog;
				PRODUCT_NAME = "$(TARGET_NAME)";
				SWIFT_OBJC_BRIDGING_HEADER = "";
				SWIFT_VERSION = 4.0;
				TARGETED_DEVICE_FAMILY = 1;
			};
			name = Release;
		};
/* End XCBuildConfiguration section */

/* Begin XCConfigurationList section */
		5EC9B8BC1F7DB7E500441AA7 /* Build configuration list for PBXProject "ResidentsLog" */ = {
			isa = XCConfigurationList;
			buildConfigurations = (
				5EC9B8D11F7DB7E500441AA7 /* Debug */,
				5EC9B8D21F7DB7E500441AA7 /* Release */,
			);
			defaultConfigurationIsVisible = 0;
			defaultConfigurationName = Release;
		};
		5EC9B8D31F7DB7E500441AA7 /* Build configuration list for PBXNativeTarget "ResidentsLog" */ = {
			isa = XCConfigurationList;
			buildConfigurations = (
				5EC9B8D41F7DB7E500441AA7 /* Debug */,
				5EC9B8D51F7DB7E500441AA7 /* Release */,
			);
			defaultConfigurationIsVisible = 0;
			defaultConfigurationName = Release;
		};
/* End XCConfigurationList section */
	};
	rootObject = 5EC9B8B91F7DB7E500441AA7 /* Project object */;
}
